
Microsoft Visual Studio Solution File, Format Version 12.00
# Visual Studio Version 17
VisualStudioVersion = 17.11.35303.130
MinimumVisualStudioVersion = 10.0.40219.1
Project("{9A19103F-16F7-4668-BE54-9A1E7A4F7556}") = "lib_entidades", "lib_entidades\lib_entidades.csproj", "{32FC7501-A70E-42B5-889A-EB686B3AF751}"
EndProject
Project("{9A19103F-16F7-4668-BE54-9A1E7A4F7556}") = "mst_pruebas", "mst_pruebas\mst_pruebas.csproj", "{19CA4799-F249-429E-899B-E6DD4CFBFAA9}"
EndProject
Project("{9A19103F-16F7-4668-BE54-9A1E7A4F7556}") = "lib_repositorios", "lib_repositorios\lib_repositorios.csproj", "{AD769DAE-ED43-41CE-9A68-A01FEDF520D1}"
EndProject
Project("{9A19103F-16F7-4668-BE54-9A1E7A4F7556}") = "lib_aplicaciones", "lib_aplicaciones\lib_aplicaciones.csproj", "{616D699F-01DA-4BF6-B381-1AB469E5A873}"
EndProject
Project("{9A19103F-16F7-4668-BE54-9A1E7A4F7556}") = "lib_utilidades", "lib_utilizades\lib_utilidades.csproj", "{80CD3801-21B3-4D3C-B9A0-F57B7BABDC68}"
EndProject
Project("{9A19103F-16F7-4668-BE54-9A1E7A4F7556}") = "asp_servicios", "asp_servicios\asp_servicios.csproj", "{46840315-8370-4478-BAB8-B352FB568585}"
EndProject
Project("{2150E333-8FDC-42A3-9474-1A3956D46DE8}") = "3 Comunes", "3 Comunes", "{D9CE1186-7A66-4510-8BD4-42D2012C735C}"
EndProject
Project("{2150E333-8FDC-42A3-9474-1A3956D46DE8}") = "4 Pruebas unitarias", "4 Pruebas unitarias", "{79BC51C1-96BF-4EEA-BF6F-02C3A383CEB3}"
EndProject
Project("{2150E333-8FDC-42A3-9474-1A3956D46DE8}") = "2 Servicios", "2 Servicios", "{8111CEEF-A599-4736-8EEC-0A74D3C09DDD}"
EndProject
Project("{2150E333-8FDC-42A3-9474-1A3956D46DE8}") = "1 Presentaciones", "1 Presentaciones", "{19DE0B81-974F-40B1-9F38-6775E4663909}"
EndProject
Project("{9A19103F-16F7-4668-BE54-9A1E7A4F7556}") = "lib_comunicaciones", "lib_comunicaciones\lib_comunicaciones.csproj", "{947EB947-F155-4AB5-BFA5-2697D699A3A9}"
EndProject
Project("{9A19103F-16F7-4668-BE54-9A1E7A4F7556}") = "lib_presentaciones", "lib_presentaciones\lib_presentaciones.csproj", "{D7027BD6-3AFB-4725-943E-841EACD271B8}"
EndProject
Project("{9A19103F-16F7-4668-BE54-9A1E7A4F7556}") = "asp_presentaciones", "asp_presentaciones\asp_presentaciones.csproj", "{F5E38C00-1D72-4983-9849-EC46D5148C19}"
EndProject
Global
	GlobalSection(SolutionConfigurationPlatforms) = preSolution
		Debug|Any CPU = Debug|Any CPU
		Release|Any CPU = Release|Any CPU
	EndGlobalSection
	GlobalSection(ProjectConfigurationPlatforms) = postSolution
		{32FC7501-A70E-42B5-889A-EB686B3AF751}.Debug|Any CPU.ActiveCfg = Debug|Any CPU
		{32FC7501-A70E-42B5-889A-EB686B3AF751}.Debug|Any CPU.Build.0 = Debug|Any CPU
		{32FC7501-A70E-42B5-889A-EB686B3AF751}.Release|Any CPU.ActiveCfg = Release|Any CPU
		{32FC7501-A70E-42B5-889A-EB686B3AF751}.Release|Any CPU.Build.0 = Release|Any CPU
		{19CA4799-F249-429E-899B-E6DD4CFBFAA9}.Debug|Any CPU.ActiveCfg = Debug|Any CPU
		{19CA4799-F249-429E-899B-E6DD4CFBFAA9}.Debug|Any CPU.Build.0 = Debug|Any CPU
		{19CA4799-F249-429E-899B-E6DD4CFBFAA9}.Release|Any CPU.ActiveCfg = Release|Any CPU
		{19CA4799-F249-429E-899B-E6DD4CFBFAA9}.Release|Any CPU.Build.0 = Release|Any CPU
		{AD769DAE-ED43-41CE-9A68-A01FEDF520D1}.Debug|Any CPU.ActiveCfg = Debug|Any CPU
		{AD769DAE-ED43-41CE-9A68-A01FEDF520D1}.Debug|Any CPU.Build.0 = Debug|Any CPU
		{AD769DAE-ED43-41CE-9A68-A01FEDF520D1}.Release|Any CPU.ActiveCfg = Release|Any CPU
		{AD769DAE-ED43-41CE-9A68-A01FEDF520D1}.Release|Any CPU.Build.0 = Release|Any CPU
		{616D699F-01DA-4BF6-B381-1AB469E5A873}.Debug|Any CPU.ActiveCfg = Debug|Any CPU
		{616D699F-01DA-4BF6-B381-1AB469E5A873}.Debug|Any CPU.Build.0 = Debug|Any CPU
		{616D699F-01DA-4BF6-B381-1AB469E5A873}.Release|Any CPU.ActiveCfg = Release|Any CPU
		{616D699F-01DA-4BF6-B381-1AB469E5A873}.Release|Any CPU.Build.0 = Release|Any CPU
		{80CD3801-21B3-4D3C-B9A0-F57B7BABDC68}.Debug|Any CPU.ActiveCfg = Debug|Any CPU
		{80CD3801-21B3-4D3C-B9A0-F57B7BABDC68}.Debug|Any CPU.Build.0 = Debug|Any CPU
		{80CD3801-21B3-4D3C-B9A0-F57B7BABDC68}.Release|Any CPU.ActiveCfg = Release|Any CPU
		{80CD3801-21B3-4D3C-B9A0-F57B7BABDC68}.Release|Any CPU.Build.0 = Release|Any CPU
		{46840315-8370-4478-BAB8-B352FB568585}.Debug|Any CPU.ActiveCfg = Debug|Any CPU
		{46840315-8370-4478-BAB8-B352FB568585}.Debug|Any CPU.Build.0 = Debug|Any CPU
		{46840315-8370-4478-BAB8-B352FB568585}.Release|Any CPU.ActiveCfg = Release|Any CPU
		{46840315-8370-4478-BAB8-B352FB568585}.Release|Any CPU.Build.0 = Release|Any CPU
		{947EB947-F155-4AB5-BFA5-2697D699A3A9}.Debug|Any CPU.ActiveCfg = Debug|Any CPU
		{947EB947-F155-4AB5-BFA5-2697D699A3A9}.Debug|Any CPU.Build.0 = Debug|Any CPU
		{947EB947-F155-4AB5-BFA5-2697D699A3A9}.Release|Any CPU.ActiveCfg = Release|Any CPU
		{947EB947-F155-4AB5-BFA5-2697D699A3A9}.Release|Any CPU.Build.0 = Release|Any CPU
		{D7027BD6-3AFB-4725-943E-841EACD271B8}.Debug|Any CPU.ActiveCfg = Debug|Any CPU
		{D7027BD6-3AFB-4725-943E-841EACD271B8}.Debug|Any CPU.Build.0 = Debug|Any CPU
		{D7027BD6-3AFB-4725-943E-841EACD271B8}.Release|Any CPU.ActiveCfg = Release|Any CPU
		{D7027BD6-3AFB-4725-943E-841EACD271B8}.Release|Any CPU.Build.0 = Release|Any CPU
		{F5E38C00-1D72-4983-9849-EC46D5148C19}.Debug|Any CPU.ActiveCfg = Debug|Any CPU
		{F5E38C00-1D72-4983-9849-EC46D5148C19}.Debug|Any CPU.Build.0 = Debug|Any CPU
		{F5E38C00-1D72-4983-9849-EC46D5148C19}.Release|Any CPU.ActiveCfg = Release|Any CPU
		{F5E38C00-1D72-4983-9849-EC46D5148C19}.Release|Any CPU.Build.0 = Release|Any CPU
	EndGlobalSection
	GlobalSection(SolutionProperties) = preSolution
		HideSolutionNode = FALSE
	EndGlobalSection
	GlobalSection(NestedProjects) = preSolution
		{32FC7501-A70E-42B5-889A-EB686B3AF751} = {D9CE1186-7A66-4510-8BD4-42D2012C735C}
		{19CA4799-F249-429E-899B-E6DD4CFBFAA9} = {79BC51C1-96BF-4EEA-BF6F-02C3A383CEB3}
		{AD769DAE-ED43-41CE-9A68-A01FEDF520D1} = {8111CEEF-A599-4736-8EEC-0A74D3C09DDD}
		{616D699F-01DA-4BF6-B381-1AB469E5A873} = {8111CEEF-A599-4736-8EEC-0A74D3C09DDD}
		{80CD3801-21B3-4D3C-B9A0-F57B7BABDC68} = {D9CE1186-7A66-4510-8BD4-42D2012C735C}
		{46840315-8370-4478-BAB8-B352FB568585} = {8111CEEF-A599-4736-8EEC-0A74D3C09DDD}
		{947EB947-F155-4AB5-BFA5-2697D699A3A9} = {19DE0B81-974F-40B1-9F38-6775E4663909}
		{D7027BD6-3AFB-4725-943E-841EACD271B8} = {19DE0B81-974F-40B1-9F38-6775E4663909}
		{F5E38C00-1D72-4983-9849-EC46D5148C19} = {19DE0B81-974F-40B1-9F38-6775E4663909}
	EndGlobalSection
	GlobalSection(ExtensibilityGlobals) = postSolution
		SolutionGuid = {2A8C7FAD-1AB3-44D8-B778-19BA3611AB9F}
	EndGlobalSection
EndGlobal
